// !$*UTF8*$!
{
	archiveVersion = 1;
	classes = {
	};
	objectVersion = 46;
	objects = {

/* Begin PBXBuildFile section */
		5187383B1BAB2E3200F15ACC /* AppDelegate.swift in Sources */ = {isa = PBXBuildFile; fileRef = 5187383A1BAB2E3200F15ACC /* AppDelegate.swift */; };
		5187383D1BAB2E3200F15ACC /* GameScene.sks in Resources */ = {isa = PBXBuildFile; fileRef = 5187383C1BAB2E3200F15ACC /* GameScene.sks */; };
		5187383F1BAB2E3200F15ACC /* GameScene.swift in Sources */ = {isa = PBXBuildFile; fileRef = 5187383E1BAB2E3200F15ACC /* GameScene.swift */; };
		518738411BAB2E3200F15ACC /* GameViewController.swift in Sources */ = {isa = PBXBuildFile; fileRef = 518738401BAB2E3200F15ACC /* GameViewController.swift */; };
		518738441BAB2E3200F15ACC /* Main.storyboard in Resources */ = {isa = PBXBuildFile; fileRef = 518738421BAB2E3200F15ACC /* Main.storyboard */; };
		518738461BAB2E3200F15ACC /* Assets.xcassets in Resources */ = {isa = PBXBuildFile; fileRef = 518738451BAB2E3200F15ACC /* Assets.xcassets */; };
		518738491BAB2E3200F15ACC /* LaunchScreen.storyboard in Resources */ = {isa = PBXBuildFile; fileRef = 518738471BAB2E3200F15ACC /* LaunchScreen.storyboard */; };
		518738541BAB2E3200F15ACC /* Jail_BreakTests.swift in Sources */ = {isa = PBXBuildFile; fileRef = 518738531BAB2E3200F15ACC /* Jail_BreakTests.swift */; };
/* End PBXBuildFile section */

/* Begin PBXContainerItemProxy section */
		518738501BAB2E3200F15ACC /* PBXContainerItemProxy */ = {
			isa = PBXContainerItemProxy;
			containerPortal = 5187382F1BAB2E3200F15ACC /* Project object */;
			proxyType = 1;
			remoteGlobalIDString = 518738361BAB2E3200F15ACC;
			remoteInfo = "Jail Break";
		};
/* End PBXContainerItemProxy section */

/* Begin PBXFileReference section */
		518738371BAB2E3200F15ACC /* Jail Break.app */ = {isa = PBXFileReference; explicitFileType = wrapper.application; includeInIndex = 0; path = "Jail Break.app"; sourceTree = BUILT_PRODUCTS_DIR; };
		5187383A1BAB2E3200F15ACC /* AppDelegate.swift */ = {isa = PBXFileReference; lastKnownFileType = sourcecode.swift; path = AppDelegate.swift; sourceTree = "<group>"; };
		5187383C1BAB2E3200F15ACC /* GameScene.sks */ = {isa = PBXFileReference; lastKnownFileType = file.sks; path = GameScene.sks; sourceTree = "<group>"; };
		5187383E1BAB2E3200F15ACC /* GameScene.swift */ = {isa = PBXFileReference; lastKnownFileType = sourcecode.swift; path = GameScene.swift; sourceTree = "<group>"; };
		518738401BAB2E3200F15ACC /* GameViewController.swift */ = {isa = PBXFileReference; lastKnownFileType = sourcecode.swift; path = GameViewController.swift; sourceTree = "<group>"; };
		518738431BAB2E3200F15ACC /* Base */ = {isa = PBXFileReference; lastKnownFileType = file.storyboard; name = Base; path = Base.lproj/Main.storyboard; sourceTree = "<group>"; };
		518738451BAB2E3200F15ACC /* Assets.xcassets */ = {isa = PBXFileReference; lastKnownFileType = folder.assetcatalog; path = Assets.xcassets; sourceTree = "<group>"; };
		518738481BAB2E3200F15ACC /* Base */ = {isa = PBXFileReference; lastKnownFileType = file.storyboard; name = Base; path = Base.lproj/LaunchScreen.storyboard; sourceTree = "<group>"; };
		5187384A1BAB2E3200F15ACC /* Info.plist */ = {isa = PBXFileReference; lastKnownFileType = text.plist.xml; path = Info.plist; sourceTree = "<group>"; };
		5187384F1BAB2E3200F15ACC /* Jail BreakTests.xctest */ = {isa = PBXFileReference; explicitFileType = wrapper.cfbundle; includeInIndex = 0; path = "Jail BreakTests.xctest"; sourceTree = BUILT_PRODUCTS_DIR; };
		518738531BAB2E3200F15ACC /* Jail_BreakTests.swift */ = {isa = PBXFileReference; lastKnownFileType = sourcecode.swift; path = Jail_BreakTests.swift; sourceTree = "<group>"; };
		518738551BAB2E3200F15ACC /* Info.plist */ = {isa = PBXFileReference; lastKnownFileType = text.plist.xml; path = Info.plist; sourceTree = "<group>"; };
/* End PBXFileReference section */

/* Begin PBXFrameworksBuildPhase section */
		518738341BAB2E3200F15ACC /* Frameworks */ = {
			isa = PBXFrameworksBuildPhase;
			buildActionMask = 2147483647;
			files = (
			);
			runOnlyForDeploymentPostprocessing = 0;
		};
		5187384C1BAB2E3200F15ACC /* Frameworks */ = {
			isa = PBXFrameworksBuildPhase;
			buildActionMask = 2147483647;
			files = (
			);
			runOnlyForDeploymentPostprocessing = 0;
		};
/* End PBXFrameworksBuildPhase section */

/* Begin PBXGroup section */
		5187382E1BAB2E3200F15ACC = {
			isa = PBXGroup;
			children = (
				518738391BAB2E3200F15ACC /* Jail Break */,
				518738521BAB2E3200F15ACC /* Jail BreakTests */,
				518738381BAB2E3200F15ACC /* Products */,
			);
			sourceTree = "<group>";
		};
		518738381BAB2E3200F15ACC /* Products */ = {
			isa = PBXGroup;
			children = (
				518738371BAB2E3200F15ACC /* Jail Break.app */,
				5187384F1BAB2E3200F15ACC /* Jail BreakTests.xctest */,
			);
			name = Products;
			sourceTree = "<group>";
		};
		518738391BAB2E3200F15ACC /* Jail Break */ = {
			isa = PBXGroup;
			children = (
				5187383A1BAB2E3200F15ACC /* AppDelegate.swift */,
				5187383C1BAB2E3200F15ACC /* GameScene.sks */,
				5187383E1BAB2E3200F15ACC /* GameScene.swift */,
				518738401BAB2E3200F15ACC /* GameViewController.swift */,
				518738421BAB2E3200F15ACC /* Main.storyboard */,
				518738451BAB2E3200F15ACC /* Assets.xcassets */,
				518738471BAB2E3200F15ACC /* LaunchScreen.storyboard */,
				5187384A1BAB2E3200F15ACC /* Info.plist */,
			);
			path = "Jail Break";
			sourceTree = "<group>";
		};
		518738521BAB2E3200F15ACC /* Jail BreakTests */ = {
			isa = PBXGroup;
			children = (
				518738531BAB2E3200F15ACC /* Jail_BreakTests.swift */,
				518738551BAB2E3200F15ACC /* Info.plist */,
			);
			path = "Jail BreakTests";
			sourceTree = "<group>";
		};
/* End PBXGroup section */

/* Begin PBXNativeTarget section */
		518738361BAB2E3200F15ACC /* Jail Break */ = {
			isa = PBXNativeTarget;
			buildConfigurationList = 518738581BAB2E3200F15ACC /* Build configuration list for PBXNativeTarget "Jail Break" */;
			buildPhases = (
				518738331BAB2E3200F15ACC /* Sources */,
				518738341BAB2E3200F15ACC /* Frameworks */,
				518738351BAB2E3200F15ACC /* Resources */,
			);
			buildRules = (
			);
			dependencies = (
			);
			name = "Jail Break";
			productName = "Jail Break";
			productReference = 518738371BAB2E3200F15ACC /* Jail Break.app */;
			productType = "com.apple.product-type.application";
		};
		5187384E1BAB2E3200F15ACC /* Jail BreakTests */ = {
			isa = PBXNativeTarget;
			buildConfigurationList = 5187385B1BAB2E3200F15ACC /* Build configuration list for PBXNativeTarget "Jail BreakTests" */;
			buildPhases = (
				5187384B1BAB2E3200F15ACC /* Sources */,
				5187384C1BAB2E3200F15ACC /* Frameworks */,
				5187384D1BAB2E3200F15ACC /* Resources */,
			);
			buildRules = (
			);
			dependencies = (
				518738511BAB2E3200F15ACC /* PBXTargetDependency */,
			);
			name = "Jail BreakTests";
			productName = "Jail BreakTests";
			productReference = 5187384F1BAB2E3200F15ACC /* Jail BreakTests.xctest */;
			productType = "com.apple.product-type.bundle.unit-test";
		};
/* End PBXNativeTarget section */

/* Begin PBXProject section */
		5187382F1BAB2E3200F15ACC /* Project object */ = {
			isa = PBXProject;
			attributes = {
				LastUpgradeCheck = 0710;
				ORGANIZATIONNAME = "Molecular Industries";
				TargetAttributes = {
					518738361BAB2E3200F15ACC = {
						CreatedOnToolsVersion = 7.1;
					};
					5187384E1BAB2E3200F15ACC = {
						CreatedOnToolsVersion = 7.1;
						TestTargetID = 518738361BAB2E3200F15ACC;
					};
				};
			};
			buildConfigurationList = 518738321BAB2E3200F15ACC /* Build configuration list for PBXProject "Jail Break" */;
			compatibilityVersion = "Xcode 3.2";
			developmentRegion = English;
			hasScannedForEncodings = 0;
			knownRegions = (
				en,
				Base,
			);
			mainGroup = 5187382E1BAB2E3200F15ACC;
			productRefGroup = 518738381BAB2E3200F15ACC /* Products */;
			projectDirPath = "";
			projectRoot = "";
			targets = (
				518738361BAB2E3200F15ACC /* Jail Break */,
				5187384E1BAB2E3200F15ACC /* Jail BreakTests */,
			);
		};
/* End PBXProject section */

/* Begin PBXResourcesBuildPhase section */
		518738351BAB2E3200F15ACC /* Resources */ = {
			isa = PBXResourcesBuildPhase;
			buildActionMask = 2147483647;
			files = (
				5187383D1BAB2E3200F15ACC /* GameScene.sks in Resources */,
				518738491BAB2E3200F15ACC /* LaunchScreen.storyboard in Resources */,
				518738461BAB2E3200F15ACC /* Assets.xcassets in Resources */,
				518738441BAB2E3200F15ACC /* Main.storyboard in Resources */,
			);
			runOnlyForDeploymentPostprocessing = 0;
		};
		5187384D1BAB2E3200F15ACC /* Resources */ = {
			isa = PBXResourcesBuildPhase;
			buildActionMask = 2147483647;
			files = (
			);
			runOnlyForDeploymentPostprocessing = 0;
		};
/* End PBXResourcesBuildPhase section */

/* Begin PBXSourcesBuildPhase section */
		518738331BAB2E3200F15ACC /* Sources */ = {
			isa = PBXSourcesBuildPhase;
			buildActionMask = 2147483647;
			files = (
				5187383F1BAB2E3200F15ACC /* GameScene.swift in Sources */,
				518738411BAB2E3200F15ACC /* GameViewController.swift in Sources */,
				5187383B1BAB2E3200F15ACC /* AppDelegate.swift in Sources */,
			);
			runOnlyForDeploymentPostprocessing = 0;
		};
		5187384B1BAB2E3200F15ACC /* Sources */ = {
			isa = PBXSourcesBuildPhase;
			buildActionMask = 2147483647;
			files = (
				518738541BAB2E3200F15ACC /* Jail_BreakTests.swift in Sources */,
			);
			runOnlyForDeploymentPostprocessing = 0;
		};
/* End PBXSourcesBuildPhase section */

/* Begin PBXTargetDependency section */
		518738511BAB2E3200F15ACC /* PBXTargetDependency */ = {
			isa = PBXTargetDependency;
			target = 518738361BAB2E3200F15ACC /* Jail Break */;
			targetProxy = 518738501BAB2E3200F15ACC /* PBXContainerItemProxy */;
		};
/* End PBXTargetDependency section */

/* Begin PBXVariantGroup section */
		518738421BAB2E3200F15ACC /* Main.storyboard */ = {
			isa = PBXVariantGroup;
			children = (
				518738431BAB2E3200F15ACC /* Base */,
			);
			name = Main.storyboard;
			sourceTree = "<group>";
		};
		518738471BAB2E3200F15ACC /* LaunchScreen.storyboard */ = {
			isa = PBXVariantGroup;
			children = (
				518738481BAB2E3200F15ACC /* Base */,
			);
			name = LaunchScreen.storyboard;
			sourceTree = "<group>";
		};
/* End PBXVariantGroup section */

/* Begin XCBuildConfiguration section */
		518738561BAB2E3200F15ACC /* Debug */ = {
			isa = XCBuildConfiguration;
			buildSettings = {
				ALWAYS_SEARCH_USER_PATHS = NO;
				CLANG_CXX_LANGUAGE_STANDARD = "gnu++0x";
				CLANG_CXX_LIBRARY = "libc++";
				CLANG_ENABLE_MODULES = YES;
				CLANG_ENABLE_OBJC_ARC = YES;
				CLANG_WARN_BOOL_CONVERSION = YES;
				CLANG_WARN_CONSTANT_CONVERSION = YES;
				CLANG_WARN_DIRECT_OBJC_ISA_USAGE = YES_ERROR;
				CLANG_WARN_EMPTY_BODY = YES;
				CLANG_WARN_ENUM_CONVERSION = YES;
				CLANG_WARN_INT_CONVERSION = YES;
				CLANG_WARN_OBJC_ROOT_CLASS = YES_ERROR;
				CLANG_WARN_UNREACHABLE_CODE = YES;
				CLANG_WARN__DUPLICATE_METHOD_MATCH = YES;
				"CODE_SIGN_IDENTITY[sdk=iphoneos*]" = "iPhone Developer";
				COPY_PHASE_STRIP = NO;
				DEBUG_INFORMATION_FORMAT = "dwarf-with-dsym";
				ENABLE_STRICT_OBJC_MSGSEND = YES;
				ENABLE_TESTABILITY = YES;
				GCC_C_LANGUAGE_STANDARD = gnu99;
				GCC_DYNAMIC_NO_PIC = NO;
				GCC_NO_COMMON_BLOCKS = YES;
				GCC_OPTIMIZATION_LEVEL = 0;
				GCC_PREPROCESSOR_DEFINITIONS = (
					"DEBUG=1",
					"$(inherited)",
				);
				GCC_WARN_64_TO_32_BIT_CONVERSION = YES;
				GCC_WARN_ABOUT_RETURN_TYPE = YES_ERROR;
				GCC_WARN_UNDECLARED_SELECTOR = YES;
				GCC_WARN_UNINITIALIZED_AUTOS = YES_AGGRESSIVE;
				GCC_WARN_UNUSED_FUNCTION = YES;
				GCC_WARN_UNUSED_VARIABLE = YES;
				IPHONEOS_DEPLOYMENT_TARGET = 9.1;
				MTL_ENABLE_DEBUG_INFO = YES;
				ONLY_ACTIVE_ARCH = YES;
				SDKROOT = iphoneos;
				SWIFT_OPTIMIZATION_LEVEL = "-Onone";
			};
			name = Debug;
		};
		518738571BAB2E3200F15ACC /* Release */ = {
			isa = XCBuildConfiguration;
			buildSettings = {
				ALWAYS_SEARCH_USER_PATHS = NO;
				CLANG_CXX_LANGUAGE_STANDARD = "gnu++0x";
				CLANG_CXX_LIBRARY = "libc++";
				CLANG_ENABLE_MODULES = YES;
				CLANG_ENABLE_OBJC_ARC = YES;
				CLANG_WARN_BOOL_CONVERSION = YES;
				CLANG_WARN_CONSTANT_CONVERSION = YES;
				CLANG_WARN_DIRECT_OBJC_ISA_USAGE = YES_ERROR;
				CLANG_WARN_EMPTY_BODY = YES;
				CLANG_WARN_ENUM_CONVERSION = YES;
				CLANG_WARN_INT_CONVERSION = YES;
				CLANG_WARN_OBJC_ROOT_CLASS = YES_ERROR;
				CLANG_WARN_UNREACHABLE_CODE = YES;
				CLANG_WARN__DUPLICATE_METHOD_MATCH = YES;
				"CODE_SIGN_IDENTITY[sdk=iphoneos*]" = "iPhone Developer";
				COPY_PHASE_STRIP = NO;
				DEBUG_INFORMATION_FORMAT = "dwarf-with-dsym";
				ENABLE_NS_ASSERTIONS = NO;
				ENABLE_STRICT_OBJC_MSGSEND = YES;
				GCC_C_LANGUAGE_STANDARD = gnu99;
				GCC_NO_COMMON_BLOCKS = YES;
				GCC_WARN_64_TO_32_BIT_CONVERSION = YES;
				GCC_WARN_ABOUT_RETURN_TYPE = YES_ERROR;
				GCC_WARN_UNDECLARED_SELECTOR = YES;
				GCC_WARN_UNINITIALIZED_AUTOS = YES_AGGRESSIVE;
				GCC_WARN_UNUSED_FUNCTION = YES;
				GCC_WARN_UNUSED_VARIABLE = YES;
				IPHONEOS_DEPLOYMENT_TARGET = 9.1;
				MTL_ENABLE_DEBUG_INFO = NO;
				SDKROOT = iphoneos;
				VALIDATE_PRODUCT = YES;
			};
			name = Release;
		};
		518738591BAB2E3200F15ACC /* Debug */ = {
			isa = XCBuildConfiguration;
			buildSettings = {
				ASSETCATALOG_COMPILER_APPICON_NAME = AppIcon;
				INFOPLIST_FILE = "Jail Break/Info.plist";
				LD_RUNPATH_SEARCH_PATHS = "$(inherited) @executable_path/Frameworks";
				PRODUCT_BUNDLE_IDENTIFIER = "Molecular-Industries.Jail-Break";
				PRODUCT_NAME = "$(TARGET_NAME)";
			};
			name = Debug;
		};
		5187385A1BAB2E3200F15ACC /* Release */ = {
			isa = XCBuildConfiguration;
			buildSettings = {
				ASSETCATALOG_COMPILER_APPICON_NAME = AppIcon;
				INFOPLIST_FILE = "Jail Break/Info.plist";
				LD_RUNPATH_SEARCH_PATHS = "$(inherited) @executable_path/Frameworks";
				PRODUCT_BUNDLE_IDENTIFIER = "Molecular-Industries.Jail-Break";
				PRODUCT_NAME = "$(TARGET_NAME)";
			};
			name = Release;
		};
		5187385C1BAB2E3200F15ACC /* Debug */ = {
			isa = XCBuildConfiguration;
			buildSettings = {
				BUNDLE_LOADER = "$(TEST_HOST)";
				DEBUG_INFORMATION_FORMAT = dwarf;
				INFOPLIST_FILE = "Jail BreakTests/Info.plist";
				LD_RUNPATH_SEARCH_PATHS = "$(inherited) @executable_path/Frameworks @loader_path/Frameworks";
				PRODUCT_BUNDLE_IDENTIFIER = "Molecular-Industries.Jail-BreakTests";
				PRODUCT_NAME = "$(TARGET_NAME)";
				TEST_HOST = "$(BUILT_PRODUCTS_DIR)/Jail Break.app/Jail Break";
			};
			name = Debug;
		};
		5187385D1BAB2E3200F15ACC /* Release */ = {
			isa = XCBuildConfiguration;
			buildSettings = {
				BUNDLE_LOADER = "$(TEST_HOST)";
				INFOPLIST_FILE = "Jail BreakTests/Info.plist";
				LD_RUNPATH_SEARCH_PATHS = "$(inherited) @executable_path/Frameworks @loader_path/Frameworks";
				PRODUCT_BUNDLE_IDENTIFIER = "Molecular-Industries.Jail-BreakTests";
				PRODUCT_NAME = "$(TARGET_NAME)";
				TEST_HOST = "$(BUILT_PRODUCTS_DIR)/Jail Break.app/Jail Break";
			};
			name = Release;
		};
/* End XCBuildConfiguration section */

/* Begin XCConfigurationList section */
		518738321BAB2E3200F15ACC /* Build configuration list for PBXProject "Jail Break" */ = {
			isa = XCConfigurationList;
			buildConfigurations = (
				518738561BAB2E3200F15ACC /* Debug */,
				518738571BAB2E3200F15ACC /* Release */,
			);
			defaultConfigurationIsVisible = 0;
			defaultConfigurationName = Release;
		};
		518738581BAB2E3200F15ACC /* Build configuration list for PBXNativeTarget "Jail Break" */ = {
			isa = XCConfigurationList;
			buildConfigurations = (
				518738591BAB2E3200F15ACC /* Debug */,
				5187385A1BAB2E3200F15ACC /* Release */,
			);
			defaultConfigurationIsVisible = 0;
			defaultConfigurationName = Release;
		};
		5187385B1BAB2E3200F15ACC /* Build configuration list for PBXNativeTarget "Jail BreakTests" */ = {
			isa = XCConfigurationList;
			buildConfigurations = (
				5187385C1BAB2E3200F15ACC /* Debug */,
				5187385D1BAB2E3200F15ACC /* Release */,
			);
			defaultConfigurationIsVisible = 0;
			defaultConfigurationName = Release;
		};
/* End XCConfigurationList section */
	};
	rootObject = 5187382F1BAB2E3200F15ACC /* Project object */;
}
